
Microsoft Visual Studio Solution File, Format Version 12.00
# Visual Studio Version 17
VisualStudioVersion = 17.5.33516.290
MinimumVisualStudioVersion = 10.0.40219.1
Project("{FAE04EC0-301F-11D3-BF4B-00C04F79EFBC}") = "Valgusfoor.Android", "Valgusfoor.Android\Valgusfoor.Android.csproj", "{A4E9B8EF-77B5-4F07-8D73-C4CC69D6585B}"
EndProject
Project("{FAE04EC0-301F-11D3-BF4B-00C04F79EFBC}") = "Valgusfoor.iOS", "Valgusfoor.iOS\Valgusfoor.iOS.csproj", "{6BA99224-2890-493B-BF4A-DC647E0EEAC5}"
EndProject
Project("{FAE04EC0-301F-11D3-BF4B-00C04F79EFBC}") = "Valgusfoor", "Valgusfoor\Valgusfoor.csproj", "{49536774-EA70-4ACD-9E15-DDEC3AFE2507}"
EndProject
Global
	GlobalSection(SolutionConfigurationPlatforms) = preSolution
		Debug|Any CPU = Debug|Any CPU
		Debug|iPhone = Debug|iPhone
		Debug|iPhoneSimulator = Debug|iPhoneSimulator
		Release|Any CPU = Release|Any CPU
		Release|iPhone = Release|iPhone
		Release|iPhoneSimulator = Release|iPhoneSimulator
	EndGlobalSection
	GlobalSection(ProjectConfigurationPlatforms) = postSolution
		{A4E9B8EF-77B5-4F07-8D73-C4CC69D6585B}.Debug|Any CPU.ActiveCfg = Debug|Any CPU
		{A4E9B8EF-77B5-4F07-8D73-C4CC69D6585B}.Debug|Any CPU.Build.0 = Debug|Any CPU
		{A4E9B8EF-77B5-4F07-8D73-C4CC69D6585B}.Debug|Any CPU.Deploy.0 = Debug|Any CPU
		{A4E9B8EF-77B5-4F07-8D73-C4CC69D6585B}.Debug|iPhone.ActiveCfg = Debug|Any CPU
		{A4E9B8EF-77B5-4F07-8D73-C4CC69D6585B}.Debug|iPhone.Build.0 = Debug|Any CPU
		{A4E9B8EF-77B5-4F07-8D73-C4CC69D6585B}.Debug|iPhone.Deploy.0 = Debug|Any CPU
		{A4E9B8EF-77B5-4F07-8D73-C4CC69D6585B}.Debug|iPhoneSimulator.ActiveCfg = Debug|Any CPU
		{A4E9B8EF-77B5-4F07-8D73-C4CC69D6585B}.Debug|iPhoneSimulator.Build.0 = Debug|Any CPU
		{A4E9B8EF-77B5-4F07-8D73-C4CC69D6585B}.Debug|iPhoneSimulator.Deploy.0 = Debug|Any CPU
		{A4E9B8EF-77B5-4F07-8D73-C4CC69D6585B}.Release|Any CPU.ActiveCfg = Release|Any CPU
		{A4E9B8EF-77B5-4F07-8D73-C4CC69D6585B}.Release|Any CPU.Build.0 = Release|Any CPU
		{A4E9B8EF-77B5-4F07-8D73-C4CC69D6585B}.Release|Any CPU.Deploy.0 = Release|Any CPU
		{A4E9B8EF-77B5-4F07-8D73-C4CC69D6585B}.Release|iPhone.ActiveCfg = Release|Any CPU
		{A4E9B8EF-77B5-4F07-8D73-C4CC69D6585B}.Release|iPhone.Build.0 = Release|Any CPU
		{A4E9B8EF-77B5-4F07-8D73-C4CC69D6585B}.Release|iPhone.Deploy.0 = Release|Any CPU
		{A4E9B8EF-77B5-4F07-8D73-C4CC69D6585B}.Release|iPhoneSimulator.ActiveCfg = Release|Any CPU
		{A4E9B8EF-77B5-4F07-8D73-C4CC69D6585B}.Release|iPhoneSimulator.Build.0 = Release|Any CPU
		{A4E9B8EF-77B5-4F07-8D73-C4CC69D6585B}.Release|iPhoneSimulator.Deploy.0 = Release|Any CPU
		{6BA99224-2890-493B-BF4A-DC647E0EEAC5}.Debug|Any CPU.ActiveCfg = Debug|iPhone
		{6BA99224-2890-493B-BF4A-DC647E0EEAC5}.Debug|Any CPU.Build.0 = Debug|iPhone
		{6BA99224-2890-493B-BF4A-DC647E0EEAC5}.Debug|Any CPU.Deploy.0 = Debug|iPhone
		{6BA99224-2890-493B-BF4A-DC647E0EEAC5}.Debug|iPhone.ActiveCfg = Debug|iPhone
		{6BA99224-2890-493B-BF4A-DC647E0EEAC5}.Debug|iPhone.Build.0 = Debug|iPhone
		{6BA99224-2890-493B-BF4A-DC647E0EEAC5}.Debug|iPhone.Deploy.0 = Debug|iPhone
		{6BA99224-2890-493B-BF4A-DC647E0EEAC5}.Debug|iPhoneSimulator.ActiveCfg = Debug|iPhoneSimulator
		{6BA99224-2890-493B-BF4A-DC647E0EEAC5}.Debug|iPhoneSimulator.Build.0 = Debug|iPhoneSimulator
		{6BA99224-2890-493B-BF4A-DC647E0EEAC5}.Debug|iPhoneSimulator.Deploy.0 = Debug|iPhoneSimulator
		{6BA99224-2890-493B-BF4A-DC647E0EEAC5}.Release|Any CPU.ActiveCfg = Release|iPhoneSimulator
		{6BA99224-2890-493B-BF4A-DC647E0EEAC5}.Release|Any CPU.Build.0 = Release|iPhoneSimulator
		{6BA99224-2890-493B-BF4A-DC647E0EEAC5}.Release|Any CPU.Deploy.0 = Release|iPhoneSimulator
		{6BA99224-2890-493B-BF4A-DC647E0EEAC5}.Release|iPhone.ActiveCfg = Release|iPhone
		{6BA99224-2890-493B-BF4A-DC647E0EEAC5}.Release|iPhone.Build.0 = Release|iPhone
		{6BA99224-2890-493B-BF4A-DC647E0EEAC5}.Release|iPhone.Deploy.0 = Release|iPhone
		{6BA99224-2890-493B-BF4A-DC647E0EEAC5}.Release|iPhoneSimulator.ActiveCfg = Release|iPhoneSimulator
		{6BA99224-2890-493B-BF4A-DC647E0EEAC5}.Release|iPhoneSimulator.Build.0 = Release|iPhoneSimulator
		{6BA99224-2890-493B-BF4A-DC647E0EEAC5}.Release|iPhoneSimulator.Deploy.0 = Release|iPhoneSimulator
		{49536774-EA70-4ACD-9E15-DDEC3AFE2507}.Debug|Any CPU.ActiveCfg = Debug|Any CPU
		{49536774-EA70-4ACD-9E15-DDEC3AFE2507}.Debug|Any CPU.Build.0 = Debug|Any CPU
		{49536774-EA70-4ACD-9E15-DDEC3AFE2507}.Debug|Any CPU.Deploy.0 = Debug|Any CPU
		{49536774-EA70-4ACD-9E15-DDEC3AFE2507}.Debug|iPhone.ActiveCfg = Debug|Any CPU
		{49536774-EA70-4ACD-9E15-DDEC3AFE2507}.Debug|iPhone.Build.0 = Debug|Any CPU
		{49536774-EA70-4ACD-9E15-DDEC3AFE2507}.Debug|iPhone.Deploy.0 = Debug|Any CPU
		{49536774-EA70-4ACD-9E15-DDEC3AFE2507}.Debug|iPhoneSimulator.ActiveCfg = Debug|Any CPU
		{49536774-EA70-4ACD-9E15-DDEC3AFE2507}.Debug|iPhoneSimulator.Build.0 = Debug|Any CPU
		{49536774-EA70-4ACD-9E15-DDEC3AFE2507}.Debug|iPhoneSimulator.Deploy.0 = Debug|Any CPU
		{49536774-EA70-4ACD-9E15-DDEC3AFE2507}.Release|Any CPU.ActiveCfg = Release|Any CPU
		{49536774-EA70-4ACD-9E15-DDEC3AFE2507}.Release|Any CPU.Build.0 = Release|Any CPU
		{49536774-EA70-4ACD-9E15-DDEC3AFE2507}.Release|Any CPU.Deploy.0 = Release|Any CPU
		{49536774-EA70-4ACD-9E15-DDEC3AFE2507}.Release|iPhone.ActiveCfg = Release|Any CPU
		{49536774-EA70-4ACD-9E15-DDEC3AFE2507}.Release|iPhone.Build.0 = Release|Any CPU
		{49536774-EA70-4ACD-9E15-DDEC3AFE2507}.Release|iPhone.Deploy.0 = Release|Any CPU
		{49536774-EA70-4ACD-9E15-DDEC3AFE2507}.Release|iPhoneSimulator.ActiveCfg = Release|Any CPU
		{49536774-EA70-4ACD-9E15-DDEC3AFE2507}.Release|iPhoneSimulator.Build.0 = Release|Any CPU
		{49536774-EA70-4ACD-9E15-DDEC3AFE2507}.Release|iPhoneSimulator.Deploy.0 = Release|Any CPU
	EndGlobalSection
	GlobalSection(SolutionProperties) = preSolution
		HideSolutionNode = FALSE
	EndGlobalSection
	GlobalSection(ExtensibilityGlobals) = postSolution
		SolutionGuid = {8C983D5C-EB1A-4FAC-BA4C-484FE0615629}
	EndGlobalSection
EndGlobal
